
Microsoft Visual Studio Solution File, Format Version 12.00
# Visual Studio Version 16
VisualStudioVersion = 16.0.30503.244
MinimumVisualStudioVersion = 10.0.40219.1
Project("{FAE04EC0-301F-11D3-BF4B-00C04F79EFBC}") = "KlimaServer", "KlimaServer\KlimaServer.csproj", "{0FE3ADC5-3E37-405D-8E05-1C3D916C837B}"
EndProject
Project("{FAE04EC0-301F-11D3-BF4B-00C04F79EFBC}") = "FanOutputLibrary", "FanOutputLibrary\FanOutputLibrary.csproj", "{061CD32F-A211-4BA2-A49B-7421DE5B1715}"
EndProject
Global
	GlobalSection(SolutionConfigurationPlatforms) = preSolution
		Debug|Any CPU = Debug|Any CPU
		Release|Any CPU = Release|Any CPU
	EndGlobalSection
	GlobalSection(ProjectConfigurationPlatforms) = postSolution
		{0FE3ADC5-3E37-405D-8E05-1C3D916C837B}.Debug|Any CPU.ActiveCfg = Debug|Any CPU
		{0FE3ADC5-3E37-405D-8E05-1C3D916C837B}.Debug|Any CPU.Build.0 = Debug|Any CPU
		{0FE3ADC5-3E37-405D-8E05-1C3D916C837B}.Release|Any CPU.ActiveCfg = Release|Any CPU
		{0FE3ADC5-3E37-405D-8E05-1C3D916C837B}.Release|Any CPU.Build.0 = Release|Any CPU
		{061CD32F-A211-4BA2-A49B-7421DE5B1715}.Debug|Any CPU.ActiveCfg = Debug|Any CPU
		{061CD32F-A211-4BA2-A49B-7421DE5B1715}.Debug|Any CPU.Build.0 = Debug|Any CPU
		{061CD32F-A211-4BA2-A49B-7421DE5B1715}.Release|Any CPU.ActiveCfg = Release|Any CPU
		{061CD32F-A211-4BA2-A49B-7421DE5B1715}.Release|Any CPU.Build.0 = Release|Any CPU
	EndGlobalSection
	GlobalSection(SolutionProperties) = preSolution
		HideSolutionNode = FALSE
	EndGlobalSection
	GlobalSection(ExtensibilityGlobals) = postSolution
		SolutionGuid = {EE1863D1-E490-4598-8DF3-1B6E5705FFDC}
	EndGlobalSection
EndGlobal
